# THIS IS AN AUTOGENERATED FILE. DO NOT EDIT THIS FILE DIRECTLY.
# yarn lockfile v1


"@antfu/utils@^0.5.2":
  version "0.5.2"
  resolved "https://r.cnpmjs.org@antfu%2futils/-/utils-0.5.2.tgz#8c2d931ff927be0ebe740169874a3d4004ab414b"

"@babel/parser@^7.16.4":
  version "7.18.9"
  resolved "https://r.cnpmjs.org/@babel/parser/-/parser-7.18.9.tgz#f2dde0c682ccc264a9a8595efd030a5cc8fd2539"

"@babel/runtime@^7.17.2":
  version "7.18.9"
  resolved "https://r.cnpmjs.org@babel%2fruntime/-/runtime-7.18.9.tgz#b4fcfce55db3d2e5e080d2490f608a3b9f407f4a"
  dependencies:
    regenerator-runtime "^0.13.4"

"@babel/standalone@^7.18.8":
  version "7.18.9"
  resolved "https://r.cnpmjs.org@babel%2fstandalone/-/standalone-7.18.9.tgz#27d9bccac590df9e2d34b632e5d600f68b3fe581"

"@jridgewell/gen-mapping@^0.3.0":
  version "0.3.2"
  resolved "https://r.cnpmjs.org@jridgewell%2fgen-mapping/-/gen-mapping-0.3.2.tgz#c1aedc61e853f2bb9f5dfe6d4442d3b565b253b9"
  dependencies:
    "@jridgewell/set-array" "^1.0.1"
    "@jridgewell/sourcemap-codec" "^1.4.10"
    "@jridgewell/trace-mapping" "^0.3.9"

"@jridgewell/resolve-uri@^3.0.3":
  version "3.1.0"
  resolved "https://r.cnpmjs.org@jridgewell%2fresolve-uri/-/resolve-uri-3.1.0.tgz#2203b118c157721addfe69d47b70465463066d78"

"@jridgewell/set-array@^1.0.1":
  version "1.1.2"
  resolved "https://r.cnpmjs.org@jridgewell%2fset-array/-/set-array-1.1.2.tgz#7c6cf998d6d20b914c0a55a91ae928ff25965e72"

"@jridgewell/source-map@^0.3.2":
  version "0.3.2"
  resolved "https://r.cnpmjs.org@jridgewell%2fsource-map/-/source-map-0.3.2.tgz#f45351aaed4527a298512ec72f81040c998580fb"
  dependencies:
    "@jridgewell/gen-mapping" "^0.3.0"
    "@jridgewell/trace-mapping" "^0.3.9"

"@jridgewell/sourcemap-codec@^1.4.10":
  version "1.4.14"
  resolved "https://r.cnpmjs.org@jridgewell%2fsourcemap-codec/-/sourcemap-codec-1.4.14.tgz#add4c98d341472a289190b424efbdb096991bb24"

"@jridgewell/trace-mapping@^0.3.9":
  version "0.3.14"
  resolved "https://r.cnpmjs.org@jridgewell%2ftrace-mapping/-/trace-mapping-0.3.14.tgz#b231a081d8f66796e475ad588a1ef473112701ed"
  dependencies:
    "@jridgewell/resolve-uri" "^3.0.3"
    "@jridgewell/sourcemap-codec" "^1.4.10"

"@nodelib/fs.scandir@2.1.5":
  version "2.1.5"
  resolved "https://r.cnpmjs.org@nodelib%2ffs.scandir/-/fs.scandir-2.1.5.tgz#7619c2eb21b25483f6d167548b4cfd5a7488c3d5"
  dependencies:
    "@nodelib/fs.stat" "2.0.5"
    run-parallel "^1.1.9"

"@nodelib/fs.stat@2.0.5", "@nodelib/fs.stat@^2.0.2":
  version "2.0.5"
  resolved "https://r.cnpmjs.org@nodelib%2ffs.stat/-/fs.stat-2.0.5.tgz#5bd262af94e9d25bd1e71b05deed44876a222e8b"

"@nodelib/fs.walk@^1.2.3":
  version "1.2.8"
  resolved "https://r.cnpmjs.org@nodelib%2ffs.walk/-/fs.walk-1.2.8.tgz#e95737e8bb6746ddedf69c556953494f196fe69a"
  dependencies:
    "@nodelib/fs.scandir" "2.1.5"
    fastq "^1.6.0"

"@popperjs/core@^2.9.2":
  version "2.11.5"
  resolved "https://r.cnpmjs.org@popperjs%2fcore/-/core-2.11.5.tgz#db5a11bf66bdab39569719555b0f76e138d7bd64"

"@rollup/pluginutils@^4.0.0", "@rollup/pluginutils@^4.1.2", "@rollup/pluginutils@^4.2.1":
  version "4.2.1"
  resolved "https://r.cnpmjs.org/@rollup/pluginutils/-/pluginutils-4.2.1.tgz#e6c6c3aba0744edce3fb2074922d3776c0af2a6d"
  dependencies:
    estree-walker "^2.0.1"
    picomatch "^2.2.2"

"@swc/core-android-arm-eabi@1.2.222":
  version "1.2.222"
  resolved "https://r.cnpmjs.org@swc%2fcore-android-arm-eabi/-/core-android-arm-eabi-1.2.222.tgz#9f7b6c17ca8cd5b6d4e2ddbb26bff8cc84f9887c"
  dependencies:
    "@swc/wasm" "1.2.122"

"@swc/core-android-arm64@1.2.222":
  version "1.2.222"
  resolved "https://r.cnpmjs.org@swc%2fcore-android-arm64/-/core-android-arm64-1.2.222.tgz#fd7f7262fb33e39c5a1169c2067296a6b9e9c39b"
  dependencies:
    "@swc/wasm" "1.2.130"

"@swc/core-darwin-arm64@1.2.222":
  version "1.2.222"
  resolved "https://r.cnpmjs.org@swc%2fcore-darwin-arm64/-/core-darwin-arm64-1.2.222.tgz#be65a29234a8ee1018195af273586235d69b69d6"

"@swc/core-darwin-x64@1.2.222":
  version "1.2.222"
  resolved "https://r.cnpmjs.org@swc%2fcore-darwin-x64/-/core-darwin-x64-1.2.222.tgz#ba5c9fc53d90d4a43b6d8c59e9fd7a66ad694775"

"@swc/core-freebsd-x64@1.2.222":
  version "1.2.222"
  resolved "https://r.cnpmjs.org@swc%2fcore-freebsd-x64/-/core-freebsd-x64-1.2.222.tgz#e79d85c8cf9680185ebf9ae90f47a5e762c68d19"
  dependencies:
    "@swc/wasm" "1.2.130"

"@swc/core-linux-arm-gnueabihf@1.2.222":
  version "1.2.222"
  resolved "https://r.cnpmjs.org@swc%2fcore-linux-arm-gnueabihf/-/core-linux-arm-gnueabihf-1.2.222.tgz#94303c1e4aae26820b963b1d75b491dcf5538c36"
  dependencies:
    "@swc/wasm" "1.2.130"

"@swc/core-linux-arm64-gnu@1.2.222":
  version "1.2.222"
  resolved "https://r.cnpmjs.org@swc%2fcore-linux-arm64-gnu/-/core-linux-arm64-gnu-1.2.222.tgz#0264db737f1b5bd41cb024b1c9ca5169519e4e10"

"@swc/core-linux-arm64-musl@1.2.222":
  version "1.2.222"
  resolved "https://r.cnpmjs.org@swc%2fcore-linux-arm64-musl/-/core-linux-arm64-musl-1.2.222.tgz#08d753bd9896ca94d52084e6158e385e0988dc96"

"@swc/core-linux-x64-gnu@1.2.222":
  version "1.2.222"
  resolved "https://r.cnpmjs.org@swc%2fcore-linux-x64-gnu/-/core-linux-x64-gnu-1.2.222.tgz#497b4ff80213aa0e93006c6fa04f0d0f020ff763"

"@swc/core-linux-x64-musl@1.2.222":
  version "1.2.222"
  resolved "https://r.cnpmjs.org@swc%2fcore-linux-x64-musl/-/core-linux-x64-musl-1.2.222.tgz#0c357efdca60fd51960ebb106ac4dcd78d9ffb0f"

"@swc/core-win32-arm64-msvc@1.2.222":
  version "1.2.222"
  resolved "https://r.cnpmjs.org@swc%2fcore-win32-arm64-msvc/-/core-win32-arm64-msvc-1.2.222.tgz#efe6f27f14cddcf82872248cdc96d69dc894e006"
  dependencies:
    "@swc/wasm" "1.2.130"

"@swc/core-win32-ia32-msvc@1.2.222":
  version "1.2.222"
  resolved "https://r.cnpmjs.org@swc%2fcore-win32-ia32-msvc/-/core-win32-ia32-msvc-1.2.222.tgz#5e253562e832c8c52534ff286ec5e20b6ceea165"
  dependencies:
    "@swc/wasm" "1.2.130"

"@swc/core-win32-x64-msvc@1.2.222":
  version "1.2.222"
  resolved "https://r.cnpmjs.org@swc%2fcore-win32-x64-msvc/-/core-win32-x64-msvc-1.2.222.tgz#1ce32d1aa3fa2bf72f66375066cb906bea358ee2"

"@swc/core@^1.2.147":
  version "1.2.222"
  resolved "https://r.cnpmjs.org@swc%2fcore/-/core-1.2.222.tgz#69ba62daf2f1fe7e2aa04153d67823338f0c99de"
  optionalDependencies:
    "@swc/core-android-arm-eabi" "1.2.222"
    "@swc/core-android-arm64" "1.2.222"
    "@swc/core-darwin-arm64" "1.2.222"
    "@swc/core-darwin-x64" "1.2.222"
    "@swc/core-freebsd-x64" "1.2.222"
    "@swc/core-linux-arm-gnueabihf" "1.2.222"
    "@swc/core-linux-arm64-gnu" "1.2.222"
    "@swc/core-linux-arm64-musl" "1.2.222"
    "@swc/core-linux-x64-gnu" "1.2.222"
    "@swc/core-linux-x64-musl" "1.2.222"
    "@swc/core-win32-arm64-msvc" "1.2.222"
    "@swc/core-win32-ia32-msvc" "1.2.222"
    "@swc/core-win32-x64-msvc" "1.2.222"

"@swc/wasm@1.2.122":
  version "1.2.122"
  resolved "https://r.cnpmjs.org@swc%2fwasm/-/wasm-1.2.122.tgz#87a5e654b26a71b2e84b801f41e45f823b856639"

"@swc/wasm@1.2.130":
  version "1.2.130"
  resolved "https://r.cnpmjs.org@swc%2fwasm/-/wasm-1.2.130.tgz#88ac26433335d1f957162a9a92f1450b73c176a0"

"@types/estree@*":
  version "1.0.0"
  resolved "https://r.cnpmjs.org@types%2festree/-/estree-1.0.0.tgz#5fb2e536c1ae9bf35366eed879e827fa59ca41c2"

"@types/node@^18.6.2":
  version "18.6.2"
  resolved "https://r.cnpmjs.org@types%2fnode/-/node-18.6.2.tgz#ffc5f0f099d27887c8d9067b54e55090fcd54126"

"@vant/icons@^1.8.0":
  version "1.8.0"
  resolved "https://r.cnpmjs.org@vant%2ficons/-/icons-1.8.0.tgz#36b13f2e628b533f6523a93a168cf02f07056674"

"@vant/popperjs@^1.1.0":
  version "1.2.1"
  resolved "https://r.cnpmjs.org@vant%2fpopperjs/-/popperjs-1.2.1.tgz#1300c7c98573df577c21d3000712435edb8a877e"
  dependencies:
    "@popperjs/core" "^2.9.2"

"@vant/use@^1.3.6":
  version "1.4.1"
  resolved "https://r.cnpmjs.org@vant%2fuse/-/use-1.4.1.tgz#22cdd81c6e2cf8dc746278608a3facbd4fdbcdc7"

"@vitejs/plugin-legacy@^2.0.0":
  version "2.0.0"
  resolved "https://r.cnpmjs.org@vitejs%2fplugin-legacy/-/plugin-legacy-2.0.0.tgz#63e9a919c5b3bd8e43e18cbf497f4c270efdf1b9"
  dependencies:
    "@babel/standalone" "^7.18.8"
    core-js "^3.23.4"
    magic-string "^0.26.2"
    regenerator-runtime "^0.13.9"
    systemjs "^6.12.1"

"@vitejs/plugin-vue@^3.0.0":
  version "3.0.1"
  resolved "https://r.cnpmjs.org/@vitejs/plugin-vue/-/plugin-vue-3.0.1.tgz#b6af8f782485374bbb5fe09edf067a845bf4caae"

"@volar/code-gen@0.38.9":
  version "0.38.9"
  resolved "https://r.cnpmjs.org/@volar/code-gen/-/code-gen-0.38.9.tgz#8fed2c6a472c8f11ce695b08789bcc22b08e7fa6"
  dependencies:
    "@volar/source-map" "0.38.9"

"@volar/source-map@0.38.9":
  version "0.38.9"
  resolved "https://r.cnpmjs.org/@volar/source-map/-/source-map-0.38.9.tgz#935d6def4b4342e8e2d63cd8e6bf9bf1155c58d8"

"@volar/vue-code-gen@0.38.9":
  version "0.38.9"
  resolved "https://r.cnpmjs.org/@volar/vue-code-gen/-/vue-code-gen-0.38.9.tgz#878f00fec82a2fc300396d70e26b0ea29952f740"
  dependencies:
    "@volar/code-gen" "0.38.9"
    "@volar/source-map" "0.38.9"
    "@vue/compiler-core" "^3.2.37"
    "@vue/compiler-dom" "^3.2.37"
    "@vue/shared" "^3.2.37"

"@volar/vue-typescript@0.38.9":
  version "0.38.9"
  resolved "https://r.cnpmjs.org/@volar/vue-typescript/-/vue-typescript-0.38.9.tgz#e5dfdc6f0d6dbea683647cd477fafbd483983b35"
  dependencies:
    "@volar/code-gen" "0.38.9"
    "@volar/source-map" "0.38.9"
    "@volar/vue-code-gen" "0.38.9"
    "@vue/compiler-sfc" "^3.2.37"
    "@vue/reactivity" "^3.2.37"

"@vue/compiler-core@3.2.37", "@vue/compiler-core@^3.2.37":
  version "3.2.37"
  resolved "https://r.cnpmjs.org/@vue/compiler-core/-/compiler-core-3.2.37.tgz#b3c42e04c0e0f2c496ff1784e543fbefe91e215a"
  dependencies:
    "@babel/parser" "^7.16.4"
    "@vue/shared" "3.2.37"
    estree-walker "^2.0.2"
    source-map "^0.6.1"

"@vue/compiler-dom@3.2.37", "@vue/compiler-dom@^3.2.37":
  version "3.2.37"
  resolved "https://r.cnpmjs.org/@vue/compiler-dom/-/compiler-dom-3.2.37.tgz#10d2427a789e7c707c872da9d678c82a0c6582b5"
  dependencies:
    "@vue/compiler-core" "3.2.37"
    "@vue/shared" "3.2.37"

"@vue/compiler-sfc@3.2.37", "@vue/compiler-sfc@^3.2.29", "@vue/compiler-sfc@^3.2.37":
  version "3.2.37"
  resolved "https://r.cnpmjs.org/@vue/compiler-sfc/-/compiler-sfc-3.2.37.tgz#3103af3da2f40286edcd85ea495dcb35bc7f5ff4"
  dependencies:
    "@babel/parser" "^7.16.4"
    "@vue/compiler-core" "3.2.37"
    "@vue/compiler-dom" "3.2.37"
    "@vue/compiler-ssr" "3.2.37"
    "@vue/reactivity-transform" "3.2.37"
    "@vue/shared" "3.2.37"
    estree-walker "^2.0.2"
    magic-string "^0.25.7"
    postcss "^8.1.10"
    source-map "^0.6.1"

"@vue/compiler-ssr@3.2.37":
  version "3.2.37"
  resolved "https://r.cnpmjs.org/@vue/compiler-ssr/-/compiler-ssr-3.2.37.tgz#4899d19f3a5fafd61524a9d1aee8eb0505313cff"
  dependencies:
    "@vue/compiler-dom" "3.2.37"
    "@vue/shared" "3.2.37"

"@vue/devtools-api@^6.1.4", "@vue/devtools-api@^6.2.1":
  version "6.2.1"
  resolved "https://r.cnpmjs.org@vue%2fdevtools-api/-/devtools-api-6.2.1.tgz#6f2948ff002ec46df01420dfeff91de16c5b4092"

"@vue/reactivity-transform@3.2.37":
  version "3.2.37"
  resolved "https://r.cnpmjs.org/@vue/reactivity-transform/-/reactivity-transform-3.2.37.tgz#0caa47c4344df4ae59f5a05dde2a8758829f8eca"
  dependencies:
    "@babel/parser" "^7.16.4"
    "@vue/compiler-core" "3.2.37"
    "@vue/shared" "3.2.37"
    estree-walker "^2.0.2"
    magic-string "^0.25.7"

"@vue/reactivity@3.2.37", "@vue/reactivity@^3.2.37":
  version "3.2.37"
  resolved "https://r.cnpmjs.org/@vue/reactivity/-/reactivity-3.2.37.tgz#5bc3847ac58828e2b78526e08219e0a1089f8848"
  dependencies:
    "@vue/shared" "3.2.37"

"@vue/runtime-core@3.2.37":
  version "3.2.37"
  resolved "https://r.cnpmjs.org/@vue/runtime-core/-/runtime-core-3.2.37.tgz#7ba7c54bb56e5d70edfc2f05766e1ca8519966e3"
  dependencies:
    "@vue/reactivity" "3.2.37"
    "@vue/shared" "3.2.37"

"@vue/runtime-dom@3.2.37":
  version "3.2.37"
  resolved "https://r.cnpmjs.org/@vue/runtime-dom/-/runtime-dom-3.2.37.tgz#002bdc8228fa63949317756fb1e92cdd3f9f4bbd"
  dependencies:
    "@vue/runtime-core" "3.2.37"
    "@vue/shared" "3.2.37"
    csstype "^2.6.8"

"@vue/server-renderer@3.2.37":
  version "3.2.37"
  resolved "https://r.cnpmjs.org/@vue/server-renderer/-/server-renderer-3.2.37.tgz#840a29c8dcc29bddd9b5f5ffa22b95c0e72afdfc"
  dependencies:
    "@vue/compiler-ssr" "3.2.37"
    "@vue/shared" "3.2.37"

"@vue/shared@3.2.37", "@vue/shared@^3.2.37":
  version "3.2.37"
  resolved "https://r.cnpmjs.org/@vue/shared/-/shared-3.2.37.tgz#8e6adc3f2759af52f0e85863dfb0b711ecc5c702"

acorn@^8.5.0, acorn@^8.7.1, acorn@^8.8.0:
  version "8.8.0"
  resolved "https://r.cnpmjs.orgacorn/-/acorn-8.8.0.tgz#88c0187620435c7f6015803f5539dae05a9dbea8"

anymatch@~3.1.2:
  version "3.1.2"
  resolved "https://r.cnpmjs.organymatch/-/anymatch-3.1.2.tgz#c0557c096af32f106198f4f4e2a383537e378716"
  dependencies:
    normalize-path "^3.0.0"
    picomatch "^2.0.4"

asynckit@^0.4.0:
  version "0.4.0"
  resolved "https://r.cnpmjs.orgasynckit/-/asynckit-0.4.0.tgz#c79ed97f7f34cb8f2ba1bc9790bcc366474b4b79"

axios@^0.27.2:
  version "0.27.2"
  resolved "https://r.cnpmjs.orgaxios/-/axios-0.27.2.tgz#207658cc8621606e586c85db4b41a750e756d972"
  dependencies:
    follow-redirects "^1.14.9"
    form-data "^4.0.0"

binary-extensions@^2.0.0:
  version "2.2.0"
  resolved "https://r.cnpmjs.orgbinary-extensions/-/binary-extensions-2.2.0.tgz#75f502eeaf9ffde42fc98829645be4ea76bd9e2d"

braces@^3.0.2, braces@~3.0.2:
  version "3.0.2"
  resolved "https://r.cnpmjs.orgbraces/-/braces-3.0.2.tgz#3454e1a462ee8d599e236df336cd9ea4f8afe107"
  dependencies:
    fill-range "^7.0.1"

buffer-from@^1.0.0:
  version "1.1.2"
  resolved "https://r.cnpmjs.orgbuffer-from/-/buffer-from-1.1.2.tgz#2b146a6fd72e80b4f55d255f35ed59a3a9a41bd5"

camel-case@^4.1.2:
  version "4.1.2"
  resolved "https://r2.cnpmjs.org/camel-case/-/camel-case-4.1.2.tgz#9728072a954f805228225a6deea6b38461e1bd5a"
  dependencies:
    pascal-case "^3.1.2"
    tslib "^2.0.3"

capital-case@^1.0.4:
  version "1.0.4"
  resolved "https://r2.cnpmjs.org/capital-case/-/capital-case-1.0.4.tgz#9d130292353c9249f6b00fa5852bee38a717e669"
  dependencies:
    no-case "^3.0.4"
    tslib "^2.0.3"
    upper-case-first "^2.0.2"

change-case@^4.1.2:
  version "4.1.2"
  resolved "https://r2.cnpmjs.org/change-case/-/change-case-4.1.2.tgz#fedfc5f136045e2398c0410ee441f95704641e12"
  dependencies:
    camel-case "^4.1.2"
    capital-case "^1.0.4"
    constant-case "^3.0.4"
    dot-case "^3.0.4"
    header-case "^2.0.4"
    no-case "^3.0.4"
    param-case "^3.0.4"
    pascal-case "^3.1.2"
    path-case "^3.0.4"
    sentence-case "^3.0.4"
    snake-case "^3.0.4"
    tslib "^2.0.3"

"chokidar@>=3.0.0 <4.0.0", chokidar@^3.5.3:
  version "3.5.3"
  resolved "https://r.cnpmjs.orgchokidar/-/chokidar-3.5.3.tgz#1cf37c8707b932bd1af1ae22c0432e2acd1903bd"
  dependencies:
    anymatch "~3.1.2"
    braces "~3.0.2"
    glob-parent "~5.1.2"
    is-binary-path "~2.1.0"
    is-glob "~4.0.1"
    normalize-path "~3.0.0"
    readdirp "~3.6.0"
  optionalDependencies:
    fsevents "~2.3.2"

combined-stream@^1.0.8:
  version "1.0.8"
  resolved "https://r.cnpmjs.orgcombined-stream/-/combined-stream-1.0.8.tgz#c3d45a8b34fd730631a110a8a2520682b31d5a7f"
  dependencies:
    delayed-stream "~1.0.0"

commander@^2.20.0:
  version "2.20.3"
  resolved "https://r.cnpmjs.orgcommander/-/commander-2.20.3.tgz#fd485e84c03eb4881c20722ba48035e8531aeb33"

constant-case@^3.0.4:
  version "3.0.4"
  resolved "https://r2.cnpmjs.org/constant-case/-/constant-case-3.0.4.tgz#3b84a9aeaf4cf31ec45e6bf5de91bdfb0589faf1"
  dependencies:
    no-case "^3.0.4"
    tslib "^2.0.3"
    upper-case "^2.0.2"

copy-text-to-clipboard@^3.0.1:
  version "3.0.1"
  resolved "https://r.cnpmjs.orgcopy-text-to-clipboard/-/copy-text-to-clipboard-3.0.1.tgz#8cbf8f90e0a47f12e4a24743736265d157bce69c"

core-js@^3.11.0:
  version "3.24.1"
  resolved "https://r.cnpmjs.orgcore-js/-/core-js-3.24.1.tgz#cf7724d41724154010a6576b7b57d94c5d66e64f"

core-js@^3.23.4:
  version "3.24.0"
  resolved "https://r.cnpmjs.orgcore-js/-/core-js-3.24.0.tgz#4928d4e99c593a234eb1a1f9abd3122b04d3ac57"

cross-env@^7.0.3:
  version "7.0.3"
  resolved "https://r.cnpmjs.orgcross-env/-/cross-env-7.0.3.tgz#865264b29677dc015ba8418918965dd232fc54cf"
  dependencies:
    cross-spawn "^7.0.1"

cross-spawn@^7.0.1:
  version "7.0.3"
  resolved "https://r.cnpmjs.orgcross-spawn/-/cross-spawn-7.0.3.tgz#f73a85b9d5d41d045551c177e2882d4ac85728a6"
  dependencies:
    path-key "^3.1.0"
    shebang-command "^2.0.0"
    which "^2.0.1"

csstype@^2.6.8:
  version "2.6.20"
  resolved "https://r.cnpmjs.org/csstype/-/csstype-2.6.20.tgz#9229c65ea0b260cf4d3d997cb06288e36a8d6dda"

dayjs@^1.11.4:
  version "1.11.4"
  resolved "https://r.cnpmjs.orgdayjs/-/dayjs-1.11.4.tgz#3b3c10ca378140d8917e06ebc13a4922af4f433e"

debug@^4.3.3:
  version "4.3.4"
  resolved "https://r.cnpmjs.orgdebug/-/debug-4.3.4.tgz#1319f6579357f2338d3337d2cdd4914bb5dcc865"
  dependencies:
    ms "2.1.2"

delayed-stream@~1.0.0:
  version "1.0.0"
  resolved "https://r.cnpmjs.orgdelayed-stream/-/delayed-stream-1.0.0.tgz#df3ae199acadfb7d440aaae0b29e2272b24ec619"

dot-case@^3.0.4:
  version "3.0.4"
  resolved "https://r2.cnpmjs.org/dot-case/-/dot-case-3.0.4.tgz#9b2b670d00a431667a8a75ba29cd1b98809ce751"
  dependencies:
    no-case "^3.0.4"
    tslib "^2.0.3"

es-module-lexer@^0.9.3:
  version "0.9.3"
  resolved "https://r2.cnpmjs.org/es-module-lexer/-/es-module-lexer-0.9.3.tgz#6f13db00cc38417137daf74366f535c8eb438f19"

esbuild-android-64@0.14.50:
  version "0.14.50"
  resolved "https://r.cnpmjs.org/esbuild-android-64/-/esbuild-android-64-0.14.50.tgz#a46fc80fa2007690e647680d837483a750a3097f"

esbuild-android-arm64@0.14.50:
  version "0.14.50"
  resolved "https://r.cnpmjs.org/esbuild-android-arm64/-/esbuild-android-arm64-0.14.50.tgz#bdda7851fa7f5f770d6ff0ad593a8945d3a0fcdd"

esbuild-darwin-64@0.14.50:
  version "0.14.50"
  resolved "https://r.cnpmjs.org/esbuild-darwin-64/-/esbuild-darwin-64-0.14.50.tgz#f0535435f9760766f30db14a991ee5ca94c022a4"

esbuild-darwin-arm64@0.14.50:
  version "0.14.50"
  resolved "https://r.cnpmjs.org/esbuild-darwin-arm64/-/esbuild-darwin-arm64-0.14.50.tgz#76a41a40e8947a15ae62970e9ed2853883c4b16c"

esbuild-freebsd-64@0.14.50:
  version "0.14.50"
  resolved "https://r.cnpmjs.org/esbuild-freebsd-64/-/esbuild-freebsd-64-0.14.50.tgz#2ed6633c17ed42c20a1bd68e82c4bbc75ea4fb57"

esbuild-freebsd-arm64@0.14.50:
  version "0.14.50"
  resolved "https://r.cnpmjs.org/esbuild-freebsd-arm64/-/esbuild-freebsd-arm64-0.14.50.tgz#cb115f4cdafe9cdbe58875ba482fccc54d32aa43"

esbuild-linux-32@0.14.50:
  version "0.14.50"
  resolved "https://r.cnpmjs.org/esbuild-linux-32/-/esbuild-linux-32-0.14.50.tgz#fe2b724994dcf1d4e48dc4832ff008ad7d00bcfd"

esbuild-linux-64@0.14.50:
  version "0.14.50"
  resolved "https://r.cnpmjs.org/esbuild-linux-64/-/esbuild-linux-64-0.14.50.tgz#7851ab5151df9501a2187bd4909c594ad232b623"

esbuild-linux-arm64@0.14.50:
  version "0.14.50"
  resolved "https://r.cnpmjs.org/esbuild-linux-arm64/-/esbuild-linux-arm64-0.14.50.tgz#76a76afef484a0512f1fbbcc762edd705dee8892"

esbuild-linux-arm@0.14.50:
  version "0.14.50"
  resolved "https://r.cnpmjs.org/esbuild-linux-arm/-/esbuild-linux-arm-0.14.50.tgz#6d7a8c0712091b0c3a668dd5d8b5c924adbaeb12"

esbuild-linux-mips64le@0.14.50:
  version "0.14.50"
  resolved "https://r.cnpmjs.org/esbuild-linux-mips64le/-/esbuild-linux-mips64le-0.14.50.tgz#43426909c1884c5dc6b40765673a08a7ec1d2064"

esbuild-linux-ppc64le@0.14.50:
  version "0.14.50"
  resolved "https://r.cnpmjs.org/esbuild-linux-ppc64le/-/esbuild-linux-ppc64le-0.14.50.tgz#c754ea3da1dd180c6e9b6b508dc18ce983d92b11"

esbuild-linux-riscv64@0.14.50:
  version "0.14.50"
  resolved "https://r.cnpmjs.org/esbuild-linux-riscv64/-/esbuild-linux-riscv64-0.14.50.tgz#f3b2dd3c4c2b91bf191d3b98a9819c8aa6f5ad7f"

esbuild-linux-s390x@0.14.50:
  version "0.14.50"
  resolved "https://r.cnpmjs.org/esbuild-linux-s390x/-/esbuild-linux-s390x-0.14.50.tgz#3dfbc4578b2a81995caabb79df2b628ea86a5390"

esbuild-netbsd-64@0.14.50:
  version "0.14.50"
  resolved "https://r.cnpmjs.org/esbuild-netbsd-64/-/esbuild-netbsd-64-0.14.50.tgz#17dbf51eaa48d983e794b588d195415410ef8c85"

esbuild-openbsd-64@0.14.50:
  version "0.14.50"
  resolved "https://r.cnpmjs.org/esbuild-openbsd-64/-/esbuild-openbsd-64-0.14.50.tgz#cf6b1a50c8cf67b0725aaa4bce9773976168c50e"

esbuild-sunos-64@0.14.50:
  version "0.14.50"
  resolved "https://r.cnpmjs.org/esbuild-sunos-64/-/esbuild-sunos-64-0.14.50.tgz#f705ae0dd914c3b45dc43319c4f532216c3d841f"

esbuild-windows-32@0.14.50:
  version "0.14.50"
  resolved "https://r.cnpmjs.org/esbuild-windows-32/-/esbuild-windows-32-0.14.50.tgz#6364905a99c1e6c1e2fe7bfccebd958131b1cd6c"

esbuild-windows-64@0.14.50:
  version "0.14.50"
  resolved "https://r.cnpmjs.org/esbuild-windows-64/-/esbuild-windows-64-0.14.50.tgz#56603cb6367e30d14098deb77de6aa18d76dd89b"

esbuild-windows-arm64@0.14.50:
  version "0.14.50"
  resolved "https://r.cnpmjs.org/esbuild-windows-arm64/-/esbuild-windows-arm64-0.14.50.tgz#e7ddde6a97194051a5a4ac05f4f5900e922a7ea5"

esbuild@^0.14.47:
  version "0.14.50"
  resolved "https://r.cnpmjs.org/esbuild/-/esbuild-0.14.50.tgz#7a665392c8df94bf6e1ae1e999966a5ee62c6cbc"
  optionalDependencies:
    esbuild-android-64 "0.14.50"
    esbuild-android-arm64 "0.14.50"
    esbuild-darwin-64 "0.14.50"
    esbuild-darwin-arm64 "0.14.50"
    esbuild-freebsd-64 "0.14.50"
    esbuild-freebsd-arm64 "0.14.50"
    esbuild-linux-32 "0.14.50"
    esbuild-linux-64 "0.14.50"
    esbuild-linux-arm "0.14.50"
    esbuild-linux-arm64 "0.14.50"
    esbuild-linux-mips64le "0.14.50"
    esbuild-linux-ppc64le "0.14.50"
    esbuild-linux-riscv64 "0.14.50"
    esbuild-linux-s390x "0.14.50"
    esbuild-netbsd-64 "0.14.50"
    esbuild-openbsd-64 "0.14.50"
    esbuild-sunos-64 "0.14.50"
    esbuild-windows-32 "0.14.50"
    esbuild-windows-64 "0.14.50"
    esbuild-windows-arm64 "0.14.50"

escape-string-regexp@^5.0.0:
  version "5.0.0"
  resolved "https://r.cnpmjs.orgescape-string-regexp/-/escape-string-regexp-5.0.0.tgz#4683126b500b61762f2dbebace1806e8be31b1c8"

estree-walker@^0.6.1:
  version "0.6.1"
  resolved "https://r.cnpmjs.orgestree-walker/-/estree-walker-0.6.1.tgz#53049143f40c6eb918b23671d1fe3219f3a1b362"

estree-walker@^2.0.1, estree-walker@^2.0.2:
  version "2.0.2"
  resolved "https://r2.cnpmjs.org/estree-walker/-/estree-walker-2.0.2.tgz#52f010178c2a4c117a7757cfe942adb7d2da4cac"

fast-glob@^3.2.11:
  version "3.2.11"
  resolved "https://r.cnpmjs.orgfast-glob/-/fast-glob-3.2.11.tgz#a1172ad95ceb8a16e20caa5c5e56480e5129c1d9"
  dependencies:
    "@nodelib/fs.stat" "^2.0.2"
    "@nodelib/fs.walk" "^1.2.3"
    glob-parent "^5.1.2"
    merge2 "^1.3.0"
    micromatch "^4.0.4"

fastq@^1.6.0:
  version "1.13.0"
  resolved "https://r.cnpmjs.orgfastq/-/fastq-1.13.0.tgz#616760f88a7526bdfc596b7cab8c18938c36b98c"
  dependencies:
    reusify "^1.0.4"

fill-range@^7.0.1:
  version "7.0.1"
  resolved "https://r.cnpmjs.orgfill-range/-/fill-range-7.0.1.tgz#1919a6a7c75fe38b2c7c77e5198535da9acdda40"
  dependencies:
    to-regex-range "^5.0.1"

follow-redirects@^1.14.9:
  version "1.15.1"
  resolved "https://r.cnpmjs.orgfollow-redirects/-/follow-redirects-1.15.1.tgz#0ca6a452306c9b276e4d3127483e29575e207ad5"

form-data@^4.0.0:
  version "4.0.0"
  resolved "https://r.cnpmjs.orgform-data/-/form-data-4.0.0.tgz#93919daeaf361ee529584b9b31664dc12c9fa452"
  dependencies:
    asynckit "^0.4.0"
    combined-stream "^1.0.8"
    mime-types "^2.1.12"

fs-extra@^10.0.0:
  version "10.1.0"
  resolved "https://r.cnpmjs.org/fs-extra/-/fs-extra-10.1.0.tgz#02873cfbc4084dde127eaa5f9905eef2325d1abf"
  dependencies:
    graceful-fs "^4.2.0"
    jsonfile "^6.0.1"
    universalify "^2.0.0"

fsevents@~2.3.2:
  version "2.3.2"
  resolved "https://r2.cnpmjs.org/fsevents/-/fsevents-2.3.2.tgz#8a526f78b8fdf4623b709e0b975c52c24c02fd1a"

function-bind@^1.1.1:
  version "1.1.1"
  resolved "https://r2.cnpmjs.org/function-bind/-/function-bind-1.1.1.tgz#a56899d3ea3c9bab874bb9773b7c5ede92f4895d"

glob-parent@^5.1.2, glob-parent@~5.1.2:
  version "5.1.2"
  resolved "https://r.cnpmjs.orgglob-parent/-/glob-parent-5.1.2.tgz#869832c58034fe68a4093c17dc15e8340d8401c4"
  dependencies:
    is-glob "^4.0.1"

graceful-fs@^4.1.6, graceful-fs@^4.2.0:
  version "4.2.10"
  resolved "https://r.cnpmjs.org/graceful-fs/-/graceful-fs-4.2.10.tgz#147d3a006da4ca3ce14728c7aefc287c367d7a6c"

has@^1.0.3:
  version "1.0.3"
  resolved "https://r2.cnpmjs.org/has/-/has-1.0.3.tgz#722d7cbfc1f6aa8241f16dd814e011e1f41e8796"
  dependencies:
    function-bind "^1.1.1"

header-case@^2.0.4:
  version "2.0.4"
  resolved "https://r2.cnpmjs.org/header-case/-/header-case-2.0.4.tgz#5a42e63b55177349cf405beb8d775acabb92c063"
  dependencies:
    capital-case "^1.0.4"
    tslib "^2.0.3"

immutable@^4.0.0:
  version "4.1.0"
  resolved "https://r.cnpmjs.orgimmutable/-/immutable-4.1.0.tgz#f795787f0db780183307b9eb2091fcac1f6fafef"

inherits@2.0.3:
  version "2.0.3"
  resolved "https://r.cnpmjs.orginherits/-/inherits-2.0.3.tgz#633c2c83e3da42a502f52466022480f4208261de"

is-binary-path@~2.1.0:
  version "2.1.0"
  resolved "https://r.cnpmjs.orgis-binary-path/-/is-binary-path-2.1.0.tgz#ea1f7f3b80f064236e83470f86c09c254fb45b09"
  dependencies:
    binary-extensions "^2.0.0"

is-core-module@^2.9.0:
  version "2.9.0"
  resolved "https://r.cnpmjs.org/is-core-module/-/is-core-module-2.9.0.tgz#e1c34429cd51c6dd9e09e0799e396e27b19a9c69"
  dependencies:
    has "^1.0.3"

is-extglob@^2.1.1:
  version "2.1.1"
  resolved "https://r.cnpmjs.orgis-extglob/-/is-extglob-2.1.1.tgz#a88c02535791f02ed37c76a1b9ea9773c833f8c2"

is-glob@^4.0.1, is-glob@~4.0.1:
  version "4.0.3"
  resolved "https://r.cnpmjs.orgis-glob/-/is-glob-4.0.3.tgz#64f61e42cbbb2eec2071a9dac0b28ba1e65d5084"
  dependencies:
    is-extglob "^2.1.1"

is-number@^7.0.0:
  version "7.0.0"
  resolved "https://r.cnpmjs.orgis-number/-/is-number-7.0.0.tgz#7535345b896734d5f80c4d06c50955527a14f12b"

is-reference@^1.1.2, is-reference@^1.2.1:
  version "1.2.1"
  resolved "https://r.cnpmjs.orgis-reference/-/is-reference-1.2.1.tgz#8b2dac0b371f4bc994fdeaba9eb542d03002d0b7"
  dependencies:
    "@types/estree" "*"

isexe@^2.0.0:
  version "2.0.0"
  resolved "https://r.cnpmjs.orgisexe/-/isexe-2.0.0.tgz#e8fbf374dc556ff8947a10dcb0572d633f2cfa10"

jsonc-parser@^3.0.0:
  version "3.1.0"
  resolved "https://r.cnpmjs.orgjsonc-parser/-/jsonc-parser-3.1.0.tgz#73b8f0e5c940b83d03476bc2e51a20ef0932615d"

jsonfile@^6.0.1:
  version "6.1.0"
  resolved "https://r2.cnpmjs.org/jsonfile/-/jsonfile-6.1.0.tgz#bc55b2634793c679ec6403094eb13698a6ec0aae"
  dependencies:
    universalify "^2.0.0"
  optionalDependencies:
    graceful-fs "^4.1.6"

local-pkg@^0.4.2:
  version "0.4.2"
  resolved "https://r.cnpmjs.orglocal-pkg/-/local-pkg-0.4.2.tgz#13107310b77e74a0e513147a131a2ba288176c2f"

lower-case@^2.0.2:
  version "2.0.2"
  resolved "https://r2.cnpmjs.org/lower-case/-/lower-case-2.0.2.tgz#6fa237c63dbdc4a82ca0fd882e4722dc5e634e28"
  dependencies:
    tslib "^2.0.3"

magic-string@^0.25.2, magic-string@^0.25.7:
  version "0.25.9"
  resolved "https://r.cnpmjs.org/magic-string/-/magic-string-0.25.9.tgz#de7f9faf91ef8a1c91d02c2e5314c8277dbcdd1c"
  dependencies:
    sourcemap-codec "^1.4.8"

magic-string@^0.26.2:
  version "0.26.2"
  resolved "https://r.cnpmjs.orgmagic-string/-/magic-string-0.26.2.tgz#5331700e4158cd6befda738bb6b0c7b93c0d4432"
  dependencies:
    sourcemap-codec "^1.4.8"

merge2@^1.3.0:
  version "1.4.1"
  resolved "https://r.cnpmjs.orgmerge2/-/merge2-1.4.1.tgz#4368892f885e907455a6fd7dc55c0c9d404990ae"

micromatch@^4.0.4, micromatch@^4.0.5:
  version "4.0.5"
  resolved "https://r.cnpmjs.orgmicromatch/-/micromatch-4.0.5.tgz#bc8999a7cbbf77cdc89f132f6e467051b49090c6"
  dependencies:
    braces "^3.0.2"
    picomatch "^2.3.1"

mime-db@1.52.0:
  version "1.52.0"
  resolved "https://r.cnpmjs.orgmime-db/-/mime-db-1.52.0.tgz#bbabcdc02859f4987301c856e3387ce5ec43bf70"

mime-types@^2.1.12:
  version "2.1.35"
  resolved "https://r.cnpmjs.orgmime-types/-/mime-types-2.1.35.tgz#381a871b62a734450660ae3deee44813f70d959a"
  dependencies:
    mime-db "1.52.0"

mitt@^3.0.0:
  version "3.0.0"
  resolved "https://r.cnpmjs.orgmitt/-/mitt-3.0.0.tgz#69ef9bd5c80ff6f57473e8d89326d01c414be0bd"

mlly@^0.5.3, mlly@^0.5.5:
  version "0.5.5"
  resolved "https://r.cnpmjs.orgmlly/-/mlly-0.5.5.tgz#80643b3a96671a0d6f41411e3daf7e4e188544d5"
  dependencies:
    pathe "^0.3.2"
    pkg-types "^0.3.3"

ms@2.1.2:
  version "2.1.2"
  resolved "https://r.cnpmjs.orgms/-/ms-2.1.2.tgz#d09d1f357b443f493382a8eb3ccd183872ae6009"

mutation-observer@^1.0.3:
  version "1.0.3"
  resolved "https://r.cnpmjs.orgmutation-observer/-/mutation-observer-1.0.3.tgz#42e9222b101bca82e5ba9d5a7acf4a14c0f263d0"

nanoid@^3.3.4:
  version "3.3.4"
  resolved "https://r.cnpmjs.org/nanoid/-/nanoid-3.3.4.tgz#730b67e3cd09e2deacf03c027c81c9d9dbc5e8ab"

no-case@^3.0.4:
  version "3.0.4"
  resolved "https://r2.cnpmjs.org/no-case/-/no-case-3.0.4.tgz#d361fd5c9800f558551a8369fc0dcd4662b6124d"
  dependencies:
    lower-case "^2.0.2"
    tslib "^2.0.3"

normalize-path@^3.0.0, normalize-path@~3.0.0:
  version "3.0.0"
  resolved "https://r.cnpmjs.orgnormalize-path/-/normalize-path-3.0.0.tgz#0dcd69ff23a1c9b11fd0978316644a0388216a65"

param-case@^3.0.4:
  version "3.0.4"
  resolved "https://r2.cnpmjs.org/param-case/-/param-case-3.0.4.tgz#7d17fe4aa12bde34d4a77d91acfb6219caad01c5"
  dependencies:
    dot-case "^3.0.4"
    tslib "^2.0.3"

pascal-case@^3.1.2:
  version "3.1.2"
  resolved "https://r2.cnpmjs.org/pascal-case/-/pascal-case-3.1.2.tgz#b48e0ef2b98e205e7c1dae747d0b1508237660eb"
  dependencies:
    no-case "^3.0.4"
    tslib "^2.0.3"

path-case@^3.0.4:
  version "3.0.4"
  resolved "https://r2.cnpmjs.org/path-case/-/path-case-3.0.4.tgz#9168645334eb942658375c56f80b4c0cb5f82c6f"
  dependencies:
    dot-case "^3.0.4"
    tslib "^2.0.3"

path-key@^3.1.0:
  version "3.1.1"
  resolved "https://r.cnpmjs.orgpath-key/-/path-key-3.1.1.tgz#581f6ade658cbba65a0d3380de7753295054f375"

path-parse@^1.0.7:
  version "1.0.7"
  resolved "https://r2.cnpmjs.org/path-parse/-/path-parse-1.0.7.tgz#fbc114b60ca42b30d9daf5858e4bd68bbedb6735"

path@^0.12.7:
  version "0.12.7"
  resolved "https://r.cnpmjs.orgpath/-/path-0.12.7.tgz#d4dc2a506c4ce2197eb481ebfcd5b36c0140b10f"
  dependencies:
    process "^0.11.1"
    util "^0.10.3"

pathe@^0.3.0, pathe@^0.3.2:
  version "0.3.2"
  resolved "https://r.cnpmjs.orgpathe/-/pathe-0.3.2.tgz#016345ed643027404d7a9ed8d1454ad997a1483a"

picocolors@^1.0.0:
  version "1.0.0"
  resolved "https://r2.cnpmjs.org/picocolors/-/picocolors-1.0.0.tgz#cb5bdc74ff3f51892236eaf79d68bc44564ab81c"

picomatch@^2.0.4, picomatch@^2.2.1, picomatch@^2.2.2, picomatch@^2.3.1:
  version "2.3.1"
  resolved "https://r.cnpmjs.org/picomatch/-/picomatch-2.3.1.tgz#3ba3833733646d9d3e4995946c1365a67fb07a42"

pinia@^2.0.17:
  version "2.0.17"
  resolved "https://r.cnpmjs.orgpinia/-/pinia-2.0.17.tgz#f925e5e4f73c15e16dfb4838176a9ca50752f26b"
  dependencies:
    "@vue/devtools-api" "^6.2.1"
    vue-demi "*"

pkg-types@^0.3.3:
  version "0.3.3"
  resolved "https://r.cnpmjs.orgpkg-types/-/pkg-types-0.3.3.tgz#3c25e45274e1c586ec7811dcc3449afde846e463"
  dependencies:
    jsonc-parser "^3.0.0"
    mlly "^0.5.3"
    pathe "^0.3.0"

postcss@^8.1.10, postcss@^8.4.14:
  version "8.4.14"
  resolved "https://r.cnpmjs.org/postcss/-/postcss-8.4.14.tgz#ee9274d5622b4858c1007a74d76e42e56fd21caf"
  dependencies:
    nanoid "^3.3.4"
    picocolors "^1.0.0"
    source-map-js "^1.0.2"

process@^0.11.1:
  version "0.11.10"
  resolved "https://r.cnpmjs.orgprocess/-/process-0.11.10.tgz#7332300e840161bda3e69a1d1d91a7d4bc16f182"

queue-microtask@^1.2.2:
  version "1.2.3"
  resolved "https://r.cnpmjs.orgqueue-microtask/-/queue-microtask-1.2.3.tgz#4929228bbc724dfac43e0efb058caf7b6cfb6243"

readdirp@~3.6.0:
  version "3.6.0"
  resolved "https://r.cnpmjs.orgreaddirp/-/readdirp-3.6.0.tgz#74a370bd857116e245b29cc97340cd431a02a6c7"
  dependencies:
    picomatch "^2.2.1"

regenerator-runtime@^0.13.4, regenerator-runtime@^0.13.9:
  version "0.13.9"
  resolved "https://r.cnpmjs.orgregenerator-runtime/-/regenerator-runtime-0.13.9.tgz#8925742a98ffd90814988d7566ad30ca3b263b52"

resolve@^1.11.0, resolve@^1.22.1:
  version "1.22.1"
  resolved "https://r.cnpmjs.org/resolve/-/resolve-1.22.1.tgz#27cb2ebb53f91abb49470a928bba7558066ac177"
  dependencies:
    is-core-module "^2.9.0"
    path-parse "^1.0.7"
    supports-preserve-symlinks-flag "^1.0.0"

reusify@^1.0.4:
  version "1.0.4"
  resolved "https://r.cnpmjs.orgreusify/-/reusify-1.0.4.tgz#90da382b1e126efc02146e90845a88db12925d76"

rollup-plugin-commonjs@^10.1.0:
  version "10.1.0"
  resolved "https://r.cnpmjs.orgrollup-plugin-commonjs/-/rollup-plugin-commonjs-10.1.0.tgz#417af3b54503878e084d127adf4d1caf8beb86fb"
  dependencies:
    estree-walker "^0.6.1"
    is-reference "^1.1.2"
    magic-string "^0.25.2"
    resolve "^1.11.0"
    rollup-pluginutils "^2.8.1"

rollup-plugin-external-globals@^0.6.1:
  version "0.6.1"
  resolved "https://r.cnpmjs.orgrollup-plugin-external-globals/-/rollup-plugin-external-globals-0.6.1.tgz#861c260b5727144e0fd1b424b103f9f0282fc365"
  dependencies:
    "@rollup/pluginutils" "^4.0.0"
    estree-walker "^2.0.1"
    is-reference "^1.2.1"
    magic-string "^0.25.7"

rollup-pluginutils@^2.8.1:
  version "2.8.2"
  resolved "https://r.cnpmjs.orgrollup-pluginutils/-/rollup-pluginutils-2.8.2.tgz#72f2af0748b592364dbd3389e600e5a9444a351e"
  dependencies:
    estree-walker "^0.6.1"

rollup@^2.75.6:
  version "2.77.2"
  resolved "https://r.cnpmjs.org/rollup/-/rollup-2.77.2.tgz#6b6075c55f9cc2040a5912e6e062151e42e2c4e3"
  optionalDependencies:
    fsevents "~2.3.2"

run-parallel@^1.1.9:
  version "1.2.0"
  resolved "https://r.cnpmjs.orgrun-parallel/-/run-parallel-1.2.0.tgz#66d1368da7bdf921eb9d95bd1a9229e7f21a43ee"
  dependencies:
    queue-microtask "^1.2.2"

sass@^1.54.0:
  version "1.54.0"
  resolved "https://r.cnpmjs.orgsass/-/sass-1.54.0.tgz#24873673265e2a4fe3d3a997f714971db2fba1f4"
  dependencies:
    chokidar ">=3.0.0 <4.0.0"
    immutable "^4.0.0"
    source-map-js ">=0.6.2 <2.0.0"

scule@^0.3.2:
  version "0.3.2"
  resolved "https://r.cnpmjs.orgscule/-/scule-0.3.2.tgz#472445cecd8357165a94a067f78cee40e700b596"

sentence-case@^3.0.4:
  version "3.0.4"
  resolved "https://r2.cnpmjs.org/sentence-case/-/sentence-case-3.0.4.tgz#3645a7b8c117c787fde8702056225bb62a45131f"
  dependencies:
    no-case "^3.0.4"
    tslib "^2.0.3"
    upper-case-first "^2.0.2"

shebang-command@^2.0.0:
  version "2.0.0"
  resolved "https://r.cnpmjs.orgshebang-command/-/shebang-command-2.0.0.tgz#ccd0af4f8835fbdc265b82461aaf0c36663f34ea"
  dependencies:
    shebang-regex "^3.0.0"

shebang-regex@^3.0.0:
  version "3.0.0"
  resolved "https://r.cnpmjs.orgshebang-regex/-/shebang-regex-3.0.0.tgz#ae16f1644d873ecad843b0307b143362d4c42172"

snake-case@^3.0.4:
  version "3.0.4"
  resolved "https://r2.cnpmjs.org/snake-case/-/snake-case-3.0.4.tgz#4f2bbd568e9935abdfd593f34c691dadb49c452c"
  dependencies:
    dot-case "^3.0.4"
    tslib "^2.0.3"

"source-map-js@>=0.6.2 <2.0.0", source-map-js@^1.0.2:
  version "1.0.2"
  resolved "https://r.cnpmjs.org/source-map-js/-/source-map-js-1.0.2.tgz#adbc361d9c62df380125e7f161f71c826f1e490c"

source-map-support@~0.5.20:
  version "0.5.21"
  resolved "https://r.cnpmjs.orgsource-map-support/-/source-map-support-0.5.21.tgz#04fe7c7f9e1ed2d662233c28cb2b35b9f63f6e4f"
  dependencies:
    buffer-from "^1.0.0"
    source-map "^0.6.0"

source-map@^0.6.0, source-map@^0.6.1:
  version "0.6.1"
  resolved "https://r2.cnpmjs.org/source-map/-/source-map-0.6.1.tgz#74722af32e9614e9c287a8d0bbde48b5e2f1a263"

sourcemap-codec@^1.4.8:
  version "1.4.8"
  resolved "https://r2.cnpmjs.org/sourcemap-codec/-/sourcemap-codec-1.4.8.tgz#ea804bd94857402e6992d05a38ef1ae35a9ab4c4"

strip-literal@^0.4.0:
  version "0.4.0"
  resolved "https://r.cnpmjs.orgstrip-literal/-/strip-literal-0.4.0.tgz#0f90e86daecc1eb23c61c62d25238ffad4524634"
  dependencies:
    acorn "^8.7.1"

supports-preserve-symlinks-flag@^1.0.0:
  version "1.0.0"
  resolved "https://r.cnpmjs.org/supports-preserve-symlinks-flag/-/supports-preserve-symlinks-flag-1.0.0.tgz#6eda4bd344a3c94aea376d4cc31bc77311039e09"

systemjs@^6.12.1:
  version "6.12.1"
  resolved "https://r.cnpmjs.orgsystemjs/-/systemjs-6.12.1.tgz#47cdd23a6ec9f1b01cf5b5f70562c8550da229d3"

terser@^5.14.2:
  version "5.14.2"
  resolved "https://r.cnpmjs.orgterser/-/terser-5.14.2.tgz#9ac9f22b06994d736174f4091aa368db896f1c10"
  dependencies:
    "@jridgewell/source-map" "^0.3.2"
    acorn "^8.5.0"
    commander "^2.20.0"
    source-map-support "~0.5.20"

to-regex-range@^5.0.1:
  version "5.0.1"
  resolved "https://r.cnpmjs.orgto-regex-range/-/to-regex-range-5.0.1.tgz#1648c44aae7c8d988a326018ed72f5b4dd0392e4"
  dependencies:
    is-number "^7.0.0"

tslib@^2.0.3:
  version "2.4.0"
  resolved "https://r.cnpmjs.org/tslib/-/tslib-2.4.0.tgz#7cecaa7f073ce680a05847aa77be941098f36dc3"

typescript@^4.6.4:
  version "4.7.4"
  resolved "https://r.cnpmjs.org/typescript/-/typescript-4.7.4.tgz#1a88596d1cf47d59507a1bcdfb5b9dfe4d488235"

unimport@^0.6.4:
  version "0.6.4"
  resolved "https://r.cnpmjs.orgunimport/-/unimport-0.6.4.tgz#65ab496e41ac37952dad0c49394c64c62be6238a"
  dependencies:
    "@rollup/pluginutils" "^4.2.1"
    escape-string-regexp "^5.0.0"
    fast-glob "^3.2.11"
    local-pkg "^0.4.2"
    magic-string "^0.26.2"
    mlly "^0.5.5"
    pathe "^0.3.2"
    scule "^0.3.2"
    strip-literal "^0.4.0"
    unplugin "^0.8.0"

universalify@^2.0.0:
  version "2.0.0"
  resolved "https://r2.cnpmjs.org/universalify/-/universalify-2.0.0.tgz#75a4984efedc4b08975c5aeb73f530d02df25717"

unplugin-auto-import@^0.10.2:
  version "0.10.2"
  resolved "https://r.cnpmjs.orgunplugin-auto-import/-/unplugin-auto-import-0.10.2.tgz#adb6139f6dadd64a50e489f200dae503af2fae14"
  dependencies:
    "@antfu/utils" "^0.5.2"
    "@rollup/pluginutils" "^4.2.1"
    local-pkg "^0.4.2"
    magic-string "^0.26.2"
    unimport "^0.6.4"
    unplugin "^0.8.0"

unplugin@^0.8.0:
  version "0.8.0"
  resolved "https://r.cnpmjs.orgunplugin/-/unplugin-0.8.0.tgz#aeabac40e89fb69e5c9366b4821c3836d1b6ffce"
  dependencies:
    acorn "^8.8.0"
    chokidar "^3.5.3"
    webpack-sources "^3.2.3"
    webpack-virtual-modules "^0.4.4"

upper-case-first@^2.0.2:
  version "2.0.2"
  resolved "https://r2.cnpmjs.org/upper-case-first/-/upper-case-first-2.0.2.tgz#992c3273f882abd19d1e02894cc147117f844324"
  dependencies:
    tslib "^2.0.3"

upper-case@^2.0.2:
  version "2.0.2"
  resolved "https://r2.cnpmjs.org/upper-case/-/upper-case-2.0.2.tgz#d89810823faab1df1549b7d97a76f8662bae6f7a"
  dependencies:
    tslib "^2.0.3"

util@^0.10.3:
  version "0.10.4"
  resolved "https://r.cnpmjs.orgutil/-/util-0.10.4.tgz#3aa0125bfe668a4672de58857d3ace27ecb76901"
  dependencies:
    inherits "2.0.3"

vant@3.4.9:
  version "3.4.9"
  resolved "https://r.cnpmjs.orgvant/-/vant-3.4.9.tgz#53ea09b0aa228474fe5a5a6c6bc9f07ba91c6ad9"
  dependencies:
    "@vant/icons" "^1.8.0"
    "@vant/popperjs" "^1.1.0"
    "@vant/use" "^1.3.6"

vconsole@^3.14.6:
  version "3.14.6"
  resolved "https://r.cnpmjs.orgvconsole/-/vconsole-3.14.6.tgz#74cbbf9c14e66d26325958cee8a9e8c4086a5115"
  dependencies:
    "@babel/runtime" "^7.17.2"
    copy-text-to-clipboard "^3.0.1"
    core-js "^3.11.0"
    mutation-observer "^1.0.3"

vite-plugin-cdn-import@^0.3.5:
  version "0.3.5"
  resolved "https://r.cnpmjs.orgvite-plugin-cdn-import/-/vite-plugin-cdn-import-0.3.5.tgz#b9cfbb076fd2bc1e8ae666e65450a864972dee81"
  dependencies:
    rollup-plugin-external-globals "^0.6.1"

vite-plugin-inject-externals@^1.1.1:
  version "1.1.1"
  resolved "https://r.cnpmjs.orgvite-plugin-inject-externals/-/vite-plugin-inject-externals-1.1.1.tgz#276c0f970dc3388bc80cc78fd36f4039ab6b20e9"
  dependencies:
    rollup-plugin-external-globals "^0.6.1"

vite-plugin-restart@^0.2.0:
  version "0.2.0"
  resolved "https://r.cnpmjs.orgvite-plugin-restart/-/vite-plugin-restart-0.2.0.tgz#d5b46d5f6398e0d54b6dcc269fb53b4fede00400"
  dependencies:
    micromatch "^4.0.5"

vite-plugin-style-import@1.4.1:
  version "1.4.1"
  resolved "https://r.cnpmjs.orgvite-plugin-style-import/-/vite-plugin-style-import-1.4.1.tgz#47a66920cce5484640f2faacd73190aac0b91b94"
  dependencies:
    "@rollup/pluginutils" "^4.1.2"
    change-case "^4.1.2"
    debug "^4.3.3"
    es-module-lexer "^0.9.3"
    fs-extra "^10.0.0"
    magic-string "^0.25.7"

vite-plugin-top-level-await@^1.1.1:
  version "1.1.1"
  resolved "https://r.cnpmjs.orgvite-plugin-top-level-await/-/vite-plugin-top-level-await-1.1.1.tgz#661bdbec47835893c6031d02ca0c8c2c7f687fa4"
  dependencies:
    "@swc/core" "^1.2.147"

vite-plugin-vconsole@^1.2.2:
  version "1.2.2"
  resolved "https://r.cnpmjs.orgvite-plugin-vconsole/-/vite-plugin-vconsole-1.2.2.tgz#58d96835bf75aa034094febc57798f48fa1b9709"

vite-plugin-vue-setup-extend@^0.4.0:
  version "0.4.0"
  resolved "https://r.cnpmjs.orgvite-plugin-vue-setup-extend/-/vite-plugin-vue-setup-extend-0.4.0.tgz#ebbbe265320039b8c6a3b9fcae3b8d152ecf4a13"
  dependencies:
    "@vue/compiler-sfc" "^3.2.29"
    magic-string "^0.25.7"

vite@^3.0.0:
  version "3.0.3"
  resolved "https://r.cnpmjs.org/vite/-/vite-3.0.3.tgz#c7b2ed9505a36a04be1d5d23aea4ea6fc028043f"
  dependencies:
    esbuild "^0.14.47"
    postcss "^8.4.14"
    resolve "^1.22.1"
    rollup "^2.75.6"
  optionalDependencies:
    fsevents "~2.3.2"

vue-demi@*, vue-demi@^0.13.6:
  version "0.13.6"
  resolved "https://r.cnpmjs.orgvue-demi/-/vue-demi-0.13.6.tgz#f9433cbd75e68a970dec066647f4ba6c08ced48f"

vue-router@^4.1.3:
  version "4.1.3"
  resolved "https://r.cnpmjs.orgvue-router/-/vue-router-4.1.3.tgz#f8dc7931a2253cc5aa9b740f8b98969d08ca283c"
  dependencies:
    "@vue/devtools-api" "^6.1.4"

vue-tsc@^0.38.4:
  version "0.38.9"
  resolved "https://r.cnpmjs.org/vue-tsc/-/vue-tsc-0.38.9.tgz#9e945937667f704325328db8af1cc6bc7314b85e"
  dependencies:
    "@volar/vue-typescript" "0.38.9"

vue@^3.2.37:
  version "3.2.37"
  resolved "https://r.cnpmjs.org/vue/-/vue-3.2.37.tgz#da220ccb618d78579d25b06c7c21498ca4e5452e"
  dependencies:
    "@vue/compiler-dom" "3.2.37"
    "@vue/compiler-sfc" "3.2.37"
    "@vue/runtime-dom" "3.2.37"
    "@vue/server-renderer" "3.2.37"
    "@vue/shared" "3.2.37"

webpack-sources@^3.2.3:
  version "3.2.3"
  resolved "https://r.cnpmjs.orgwebpack-sources/-/webpack-sources-3.2.3.tgz#2d4daab8451fd4b240cc27055ff6a0c2ccea0cde"

webpack-virtual-modules@^0.4.4:
  version "0.4.4"
  resolved "https://r.cnpmjs.orgwebpack-virtual-modules/-/webpack-virtual-modules-0.4.4.tgz#a19fcf371923c59c4712d63d7d194b1e4d8262cc"

which@^2.0.1:
  version "2.0.2"
  resolved "https://r.cnpmjs.orgwhich/-/which-2.0.2.tgz#7c6a8dd0a636a0327e10b59c9286eee93f3f51b1"
  dependencies:
    isexe "^2.0.0"
